github.com/mackerelio/go-osstat v0.2.5 h1:+MqTbZUhoIt4m8qzkVoXUJg1EuifwlAJSk4Yl2GXh+o=
github.com/mackerelio/go-osstat v0.2.5/go.mod h1:atxwWF+POUZcdtR1wnsUcQxTytoHG4uhl2AKKzrOajY=
golang.org/x/sys v0.20.0 h1:Od9JTbYCk261bKm4M/mw7AklTlFYIa0bIp9BgSm1S8Y=
golang.org/x/sys v0.20.0/go.mod h1:/VUhepiaJMQUp4+oa/7Zr1D23ma6VTLIYjOOTFZPUcA=
